
Microsoft Visual Studio Solution File, Format Version 12.00
# Visual Studio Version 17
VisualStudioVersion = 17.10.35013.160
MinimumVisualStudioVersion = 10.0.40219.1
Project("{FAE04EC0-301F-11D3-BF4B-00C04F79EFBC}") = "ApiConsume", "ApiConsume\ApiConsume.csproj", "{1A45CBB2-F32C-40CD-8D4B-875DF70E778D}"
EndProject
Global
	GlobalSection(SolutionConfigurationPlatforms) = preSolution
		Debug|Any CPU = Debug|Any CPU
		Release|Any CPU = Release|Any CPU
	EndGlobalSection
	GlobalSection(ProjectConfigurationPlatforms) = postSolution
		{1A45CBB2-F32C-40CD-8D4B-875DF70E778D}.Debug|Any CPU.ActiveCfg = Debug|Any CPU
		{1A45CBB2-F32C-40CD-8D4B-875DF70E778D}.Debug|Any CPU.Build.0 = Debug|Any CPU
		{1A45CBB2-F32C-40CD-8D4B-875DF70E778D}.Release|Any CPU.ActiveCfg = Release|Any CPU
		{1A45CBB2-F32C-40CD-8D4B-875DF70E778D}.Release|Any CPU.Build.0 = Release|Any CPU
	EndGlobalSection
	GlobalSection(SolutionProperties) = preSolution
		HideSolutionNode = FALSE
	EndGlobalSection
	GlobalSection(ExtensibilityGlobals) = postSolution
		SolutionGuid = {7128CFBC-8BB4-486C-9713-4DCCAB8C15EB}
	EndGlobalSection
EndGlobal
